// !$*UTF8*$!
{
	archiveVersion = 1;
	classes = {
	};
	objectVersion = 77;
	objects = {

/* Begin PBXBuildFile section */
		9E505B962E5ACB4000B1BFE2 /* Org.swift in Sources */ = {isa = PBXBuildFile; fileRef = 9E505B8B2E5ACB4000B1BFE2 /* Org.swift */; };
		9E505B972E5ACB4000B1BFE2 /* Daliant_Commission_ToolApp.swift in Sources */ = {isa = PBXBuildFile; fileRef = 9E505B942E5ACB4000B1BFE2 /* Daliant_Commission_ToolApp.swift */; };
		9E505B982E5ACB4000B1BFE2 /* OrgOnboardingView.swift in Sources */ = {isa = PBXBuildFile; fileRef = 9E505B8F2E5ACB4000B1BFE2 /* OrgOnboardingView.swift */; };
		9E505B992E5ACB4000B1BFE2 /* ContentView.swift in Sources */ = {isa = PBXBuildFile; fileRef = 9E505B8E2E5ACB4000B1BFE2 /* ContentView.swift */; };
		9E505B9A2E5ACB4000B1BFE2 /* ProjectsHomeView.swift in Sources */ = {isa = PBXBuildFile; fileRef = 9E505B902E5ACB4000B1BFE2 /* ProjectsHomeView.swift */; };
		9E505B9B2E5ACB4000B1BFE2 /* SignInView.swift in Sources */ = {isa = PBXBuildFile; fileRef = 9E505B912E5ACB4000B1BFE2 /* SignInView.swift */; };
		9E505B9C2E5ACB4000B1BFE2 /* Item.swift in Sources */ = {isa = PBXBuildFile; fileRef = 9E505B8A2E5ACB4000B1BFE2 /* Item.swift */; };
		9E505B9D2E5ACB4000B1BFE2 /* Assets.xcassets in Resources */ = {isa = PBXBuildFile; fileRef = 9E505B932E5ACB4000B1BFE2 /* Assets.xcassets */; };
		9E505BA12E5ACF8400B1BFE2 /* SettingsView.swift in Sources */ = {isa = PBXBuildFile; fileRef = 9E505BA02E5ACF8400B1BFE2 /* SettingsView.swift */; };
		9E505BA32E5AD91900B1BFE2 /* PreviewSeed.swift in Sources */ = {isa = PBXBuildFile; fileRef = 9E505BA22E5AD91900B1BFE2 /* PreviewSeed.swift */; };
		9E505BA52E5B76FC00B1BFE2 /* ProjectWizardView.swift in Sources */ = {isa = PBXBuildFile; fileRef = 9E505BA42E5B76FB00B1BFE2 /* ProjectWizardView.swift */; };
		9E505BA72E5B9DEB00B1BFE2 /* ProjectDetailView.swift in Sources */ = {isa = PBXBuildFile; fileRef = 9E505BA62E5B9DE900B1BFE2 /* ProjectDetailView.swift */; };
		9E505BA92E5BC8D300B1BFE2 /* Fixture.swift in Sources */ = {isa = PBXBuildFile; fileRef = 9E505BA82E5BC8CF00B1BFE2 /* Fixture.swift */; };
		9EF3D1F02E5FCD97005D624B /* CommissioningMode.swift in Sources */ = {isa = PBXBuildFile; fileRef = 9EF3D1EF2E5FCD95005D624B /* CommissioningMode.swift */; };
		9EF3D1F32E5FD4CF005D624B /* CommissioningClient.swift in Sources */ = {isa = PBXBuildFile; fileRef = 9EF3D1F22E5FD4CD005D624B /* CommissioningClient.swift */; };
		9EF3D1F52E5FD620005D624B /* SimCommissioningClient.swift in Sources */ = {isa = PBXBuildFile; fileRef = 9EF3D1F42E5FD61E005D624B /* SimCommissioningClient.swift */; };
		9EF3D1F72E5FD63A005D624B /* BLECommissioningClient.swift in Sources */ = {isa = PBXBuildFile; fileRef = 9EF3D1F62E5FD638005D624B /* BLECommissioningClient.swift */; };
		9EF3D1FA2E5FDC23005D624B /* PDFExporter.swift in Sources */ = {isa = PBXBuildFile; fileRef = 9EF3D1F92E5FDC22005D624B /* PDFExporter.swift */; };
		9EF3D1FC2E5FDC58005D624B /* ExportView.swift in Sources */ = {isa = PBXBuildFile; fileRef = 9EF3D1FB2E5FDC56005D624B /* ExportView.swift */; };
		9EF3D1FE2E60AEFF005D624B /* ShareSheet.swift in Sources */ = {isa = PBXBuildFile; fileRef = 9EF3D1FD2E60AEFE005D624B /* ShareSheet.swift */; };
		9EF3D2002E60B638005D624B /* Design.swift in Sources */ = {isa = PBXBuildFile; fileRef = 9EF3D1FF2E60B637005D624B /* Design.swift */; };
		9EF3D2032E60EEA3005D624B /* DTOs.swift in Sources */ = {isa = PBXBuildFile; fileRef = 9EF3D2022E60EEA0005D624B /* DTOs.swift */; };
		9EF3D2052E60F1BF005D624B /* JSONExporter.swift in Sources */ = {isa = PBXBuildFile; fileRef = 9EF3D2042E60F1BE005D624B /* JSONExporter.swift */; };
		9EF3D2072E60F1E4005D624B /* JSONExportButton.swift in Sources */ = {isa = PBXBuildFile; fileRef = 9EF3D2062E60F1E3005D624B /* JSONExportButton.swift */; };
		9EF3D2092E60F71E005D624B /* JSONImporter.swift in Sources */ = {isa = PBXBuildFile; fileRef = 9EF3D2082E60F71D005D624B /* JSONImporter.swift */; };
		9EF3D20B2E60F73A005D624B /* JSONImportButton.swift in Sources */ = {isa = PBXBuildFile; fileRef = 9EF3D20A2E60F739005D624B /* JSONImportButton.swift */; };
		9EF3D20D2E6100B7005D624B /* JSONRoundTripPreview.swift in Sources */ = {isa = PBXBuildFile; fileRef = 9EF3D20C2E6100B6005D624B /* JSONRoundTripPreview.swift */; };
		9EF7E5582E653255002B9BFE /* CloudMapping.swift in Sources */ = {isa = PBXBuildFile; fileRef = 9EF7E5572E653254002B9BFE /* CloudMapping.swift */; };
		9EF7E55A2E653271002B9BFE /* CloudMappingPreview.swift in Sources */ = {isa = PBXBuildFile; fileRef = 9EF7E5592E653271002B9BFE /* CloudMappingPreview.swift */; };
		9EF7E55D2E653926002B9BFE /* CloudConfig.swift in Sources */ = {isa = PBXBuildFile; fileRef = 9EF7E55C2E653925002B9BFE /* CloudConfig.swift */; };
		9EF7E55F2E65393D002B9BFE /* CloudStatusView.swift in Sources */ = {isa = PBXBuildFile; fileRef = 9EF7E55E2E65393B002B9BFE /* CloudStatusView.swift */; };
		9EF7E5612E653C49002B9BFE /* OrgZone.swift in Sources */ = {isa = PBXBuildFile; fileRef = 9EF7E5602E653C49002B9BFE /* OrgZone.swift */; };
		9EF7E5632E653C77002B9BFE /* OrgSharingView.swift in Sources */ = {isa = PBXBuildFile; fileRef = 9EF7E5622E653C76002B9BFE /* OrgSharingView.swift */; };
		9EF7E5662E65496E002B9BFE /* AccountState.swift in Sources */ = {isa = PBXBuildFile; fileRef = 9EF7E5652E65495B002B9BFE /* AccountState.swift */; };
		9EF7E56A2E6549A3002B9BFE /* AccountView.swift in Sources */ = {isa = PBXBuildFile; fileRef = 9EF7E5692E6549A2002B9BFE /* AccountView.swift */; };
		9EF7E56D2E654D6B002B9BFE /* PreviewSupport.swift in Sources */ = {isa = PBXBuildFile; fileRef = 9EF7E56C2E654D6A002B9BFE /* PreviewSupport.swift */; };
		9EF7E56F2E65DE69002B9BFE /* CloudStore.swift in Sources */ = {isa = PBXBuildFile; fileRef = 9EF7E56E2E65DE69002B9BFE /* CloudStore.swift */; };
		9EF7E5712E65E3E7002B9BFE /* CloudSyncDebugView.swift in Sources */ = {isa = PBXBuildFile; fileRef = 9EF7E5702E65E3E5002B9BFE /* CloudSyncDebugView.swift */; };
/* End PBXBuildFile section */

/* Begin PBXContainerItemProxy section */
		9E505B522E5A4F6500B1BFE2 /* PBXContainerItemProxy */ = {
			isa = PBXContainerItemProxy;
			containerPortal = 9E505B3A2E5A4F6300B1BFE2 /* Project object */;
			proxyType = 1;
			remoteGlobalIDString = 9E505B412E5A4F6300B1BFE2;
			remoteInfo = "Daliant Commission Tool";
		};
		9E505B5C2E5A4F6500B1BFE2 /* PBXContainerItemProxy */ = {
			isa = PBXContainerItemProxy;
			containerPortal = 9E505B3A2E5A4F6300B1BFE2 /* Project object */;
			proxyType = 1;
			remoteGlobalIDString = 9E505B412E5A4F6300B1BFE2;
			remoteInfo = "Daliant Commission Tool";
		};
/* End PBXContainerItemProxy section */

/* Begin PBXFileReference section */
		9E505B422E5A4F6300B1BFE2 /* Daliant Commission Tool.app */ = {isa = PBXFileReference; explicitFileType = wrapper.application; includeInIndex = 0; path = "Daliant Commission Tool.app"; sourceTree = BUILT_PRODUCTS_DIR; };
		9E505B512E5A4F6500B1BFE2 /* Daliant Commission ToolTests.xctest */ = {isa = PBXFileReference; explicitFileType = wrapper.cfbundle; includeInIndex = 0; path = "Daliant Commission ToolTests.xctest"; sourceTree = BUILT_PRODUCTS_DIR; };
		9E505B5B2E5A4F6500B1BFE2 /* Daliant Commission ToolUITests.xctest */ = {isa = PBXFileReference; explicitFileType = wrapper.cfbundle; includeInIndex = 0; path = "Daliant Commission ToolUITests.xctest"; sourceTree = BUILT_PRODUCTS_DIR; };
		9E505B8A2E5ACB4000B1BFE2 /* Item.swift */ = {isa = PBXFileReference; lastKnownFileType = sourcecode.swift; path = Item.swift; sourceTree = "<group>"; };
		9E505B8B2E5ACB4000B1BFE2 /* Org.swift */ = {isa = PBXFileReference; lastKnownFileType = sourcecode.swift; path = Org.swift; sourceTree = "<group>"; };
		9E505B8E2E5ACB4000B1BFE2 /* ContentView.swift */ = {isa = PBXFileReference; lastKnownFileType = sourcecode.swift; path = ContentView.swift; sourceTree = "<group>"; };
		9E505B8F2E5ACB4000B1BFE2 /* OrgOnboardingView.swift */ = {isa = PBXFileReference; lastKnownFileType = sourcecode.swift; path = OrgOnboardingView.swift; sourceTree = "<group>"; };
		9E505B902E5ACB4000B1BFE2 /* ProjectsHomeView.swift */ = {isa = PBXFileReference; lastKnownFileType = sourcecode.swift; path = ProjectsHomeView.swift; sourceTree = "<group>"; };
		9E505B912E5ACB4000B1BFE2 /* SignInView.swift */ = {isa = PBXFileReference; lastKnownFileType = sourcecode.swift; path = SignInView.swift; sourceTree = "<group>"; };
		9E505B932E5ACB4000B1BFE2 /* Assets.xcassets */ = {isa = PBXFileReference; lastKnownFileType = folder.assetcatalog; path = Assets.xcassets; sourceTree = "<group>"; };
		9E505B942E5ACB4000B1BFE2 /* Daliant_Commission_ToolApp.swift */ = {isa = PBXFileReference; lastKnownFileType = sourcecode.swift; path = Daliant_Commission_ToolApp.swift; sourceTree = "<group>"; };
		9E505BA02E5ACF8400B1BFE2 /* SettingsView.swift */ = {isa = PBXFileReference; lastKnownFileType = sourcecode.swift; path = SettingsView.swift; sourceTree = "<group>"; };
		9E505BA22E5AD91900B1BFE2 /* PreviewSeed.swift */ = {isa = PBXFileReference; lastKnownFileType = sourcecode.swift; path = PreviewSeed.swift; sourceTree = "<group>"; };
		9E505BA42E5B76FB00B1BFE2 /* ProjectWizardView.swift */ = {isa = PBXFileReference; lastKnownFileType = sourcecode.swift; path = ProjectWizardView.swift; sourceTree = "<group>"; };
		9E505BA62E5B9DE900B1BFE2 /* ProjectDetailView.swift */ = {isa = PBXFileReference; lastKnownFileType = sourcecode.swift; path = ProjectDetailView.swift; sourceTree = "<group>"; };
		9E505BA82E5BC8CF00B1BFE2 /* Fixture.swift */ = {isa = PBXFileReference; lastKnownFileType = sourcecode.swift; path = Fixture.swift; sourceTree = "<group>"; };
		9EF3D1E72E5FC97C005D624B /* Info.plist */ = {isa = PBXFileReference; lastKnownFileType = text.plist.xml; path = Info.plist; sourceTree = "<group>"; };
		9EF3D1EF2E5FCD95005D624B /* CommissioningMode.swift */ = {isa = PBXFileReference; lastKnownFileType = sourcecode.swift; path = CommissioningMode.swift; sourceTree = "<group>"; };
		9EF3D1F22E5FD4CD005D624B /* CommissioningClient.swift */ = {isa = PBXFileReference; lastKnownFileType = sourcecode.swift; path = CommissioningClient.swift; sourceTree = "<group>"; };
		9EF3D1F42E5FD61E005D624B /* SimCommissioningClient.swift */ = {isa = PBXFileReference; lastKnownFileType = sourcecode.swift; path = SimCommissioningClient.swift; sourceTree = "<group>"; };
		9EF3D1F62E5FD638005D624B /* BLECommissioningClient.swift */ = {isa = PBXFileReference; lastKnownFileType = sourcecode.swift; path = BLECommissioningClient.swift; sourceTree = "<group>"; };
		9EF3D1F92E5FDC22005D624B /* PDFExporter.swift */ = {isa = PBXFileReference; lastKnownFileType = sourcecode.swift; path = PDFExporter.swift; sourceTree = "<group>"; };
		9EF3D1FB2E5FDC56005D624B /* ExportView.swift */ = {isa = PBXFileReference; lastKnownFileType = sourcecode.swift; path = ExportView.swift; sourceTree = "<group>"; };
		9EF3D1FD2E60AEFE005D624B /* ShareSheet.swift */ = {isa = PBXFileReference; lastKnownFileType = sourcecode.swift; path = ShareSheet.swift; sourceTree = "<group>"; };
		9EF3D1FF2E60B637005D624B /* Design.swift */ = {isa = PBXFileReference; lastKnownFileType = sourcecode.swift; path = Design.swift; sourceTree = "<group>"; };
		9EF3D2022E60EEA0005D624B /* DTOs.swift */ = {isa = PBXFileReference; lastKnownFileType = sourcecode.swift; path = DTOs.swift; sourceTree = "<group>"; };
		9EF3D2042E60F1BE005D624B /* JSONExporter.swift */ = {isa = PBXFileReference; lastKnownFileType = sourcecode.swift; path = JSONExporter.swift; sourceTree = "<group>"; };
		9EF3D2062E60F1E3005D624B /* JSONExportButton.swift */ = {isa = PBXFileReference; lastKnownFileType = sourcecode.swift; path = JSONExportButton.swift; sourceTree = "<group>"; };
		9EF3D2082E60F71D005D624B /* JSONImporter.swift */ = {isa = PBXFileReference; lastKnownFileType = sourcecode.swift; path = JSONImporter.swift; sourceTree = "<group>"; };
		9EF3D20A2E60F739005D624B /* JSONImportButton.swift */ = {isa = PBXFileReference; lastKnownFileType = sourcecode.swift; path = JSONImportButton.swift; sourceTree = "<group>"; };
		9EF3D20C2E6100B6005D624B /* JSONRoundTripPreview.swift */ = {isa = PBXFileReference; lastKnownFileType = sourcecode.swift; path = JSONRoundTripPreview.swift; sourceTree = "<group>"; };
		9EF7E5572E653254002B9BFE /* CloudMapping.swift */ = {isa = PBXFileReference; lastKnownFileType = sourcecode.swift; path = CloudMapping.swift; sourceTree = "<group>"; };
		9EF7E5592E653271002B9BFE /* CloudMappingPreview.swift */ = {isa = PBXFileReference; lastKnownFileType = sourcecode.swift; path = CloudMappingPreview.swift; sourceTree = "<group>"; };
		9EF7E55B2E653904002B9BFE /* Daliant Commission Tool.entitlements */ = {isa = PBXFileReference; lastKnownFileType = text.plist.entitlements; path = "Daliant Commission Tool.entitlements"; sourceTree = "<group>"; };
		9EF7E55C2E653925002B9BFE /* CloudConfig.swift */ = {isa = PBXFileReference; lastKnownFileType = sourcecode.swift; path = CloudConfig.swift; sourceTree = "<group>"; };
		9EF7E55E2E65393B002B9BFE /* CloudStatusView.swift */ = {isa = PBXFileReference; lastKnownFileType = sourcecode.swift; path = CloudStatusView.swift; sourceTree = "<group>"; };
		9EF7E5602E653C49002B9BFE /* OrgZone.swift */ = {isa = PBXFileReference; lastKnownFileType = sourcecode.swift; path = OrgZone.swift; sourceTree = "<group>"; };
		9EF7E5622E653C76002B9BFE /* OrgSharingView.swift */ = {isa = PBXFileReference; lastKnownFileType = sourcecode.swift; path = OrgSharingView.swift; sourceTree = "<group>"; };
		9EF7E5652E65495B002B9BFE /* AccountState.swift */ = {isa = PBXFileReference; lastKnownFileType = sourcecode.swift; path = AccountState.swift; sourceTree = "<group>"; };
		9EF7E5692E6549A2002B9BFE /* AccountView.swift */ = {isa = PBXFileReference; lastKnownFileType = sourcecode.swift; path = AccountView.swift; sourceTree = "<group>"; };
		9EF7E56C2E654D6A002B9BFE /* PreviewSupport.swift */ = {isa = PBXFileReference; lastKnownFileType = sourcecode.swift; path = PreviewSupport.swift; sourceTree = "<group>"; };
		9EF7E56E2E65DE69002B9BFE /* CloudStore.swift */ = {isa = PBXFileReference; lastKnownFileType = sourcecode.swift; path = CloudStore.swift; sourceTree = "<group>"; };
		9EF7E5702E65E3E5002B9BFE /* CloudSyncDebugView.swift */ = {isa = PBXFileReference; lastKnownFileType = sourcecode.swift; path = CloudSyncDebugView.swift; sourceTree = "<group>"; };
/* End PBXFileReference section */

/* Begin PBXFrameworksBuildPhase section */
		9E505B3F2E5A4F6300B1BFE2 /* Frameworks */ = {
			isa = PBXFrameworksBuildPhase;
			buildActionMask = 2147483647;
			files = (
			);
			runOnlyForDeploymentPostprocessing = 0;
		};
		9E505B4E2E5A4F6500B1BFE2 /* Frameworks */ = {
			isa = PBXFrameworksBuildPhase;
			buildActionMask = 2147483647;
			files = (
			);
			runOnlyForDeploymentPostprocessing = 0;
		};
		9E505B582E5A4F6500B1BFE2 /* Frameworks */ = {
			isa = PBXFrameworksBuildPhase;
			buildActionMask = 2147483647;
			files = (
			);
			runOnlyForDeploymentPostprocessing = 0;
		};
/* End PBXFrameworksBuildPhase section */

/* Begin PBXGroup section */
		9E505B392E5A4F6300B1BFE2 = {
			isa = PBXGroup;
			children = (
				9E505B952E5ACB4000B1BFE2 /* Daliant Commission Tool */,
				9E505B432E5A4F6300B1BFE2 /* Products */,
			);
			sourceTree = "<group>";
		};
		9E505B432E5A4F6300B1BFE2 /* Products */ = {
			isa = PBXGroup;
			children = (
				9E505B422E5A4F6300B1BFE2 /* Daliant Commission Tool.app */,
				9E505B512E5A4F6500B1BFE2 /* Daliant Commission ToolTests.xctest */,
				9E505B5B2E5A4F6500B1BFE2 /* Daliant Commission ToolUITests.xctest */,
			);
			name = Products;
			sourceTree = "<group>";
		};
		9E505B8C2E5ACB4000B1BFE2 /* Models */ = {
			isa = PBXGroup;
			children = (
				9E505B8A2E5ACB4000B1BFE2 /* Item.swift */,
				9E505BA82E5BC8CF00B1BFE2 /* Fixture.swift */,
				9E505B8B2E5ACB4000B1BFE2 /* Org.swift */,
			);
			path = Models;
			sourceTree = "<group>";
		};
		9E505B922E5ACB4000B1BFE2 /* Views */ = {
			isa = PBXGroup;
			children = (
				9EF7E5692E6549A2002B9BFE /* AccountView.swift */,
				9E505BA22E5AD91900B1BFE2 /* PreviewSeed.swift */,
				9E505B8E2E5ACB4000B1BFE2 /* ContentView.swift */,
				9E505B8F2E5ACB4000B1BFE2 /* OrgOnboardingView.swift */,
				9E505B902E5ACB4000B1BFE2 /* ProjectsHomeView.swift */,
				9E505BA62E5B9DE900B1BFE2 /* ProjectDetailView.swift */,
				9E505BA42E5B76FB00B1BFE2 /* ProjectWizardView.swift */,
				9E505BA02E5ACF8400B1BFE2 /* SettingsView.swift */,
				9E505B912E5ACB4000B1BFE2 /* SignInView.swift */,
			);
			path = Views;
			sourceTree = "<group>";
		};
		9E505B952E5ACB4000B1BFE2 /* Daliant Commission Tool */ = {
			isa = PBXGroup;
			children = (
				9EF7E55B2E653904002B9BFE /* Daliant Commission Tool.entitlements */,
				9E505B932E5ACB4000B1BFE2 /* Assets.xcassets */,
				9EF3D1E72E5FC97C005D624B /* Info.plist */,
				9E505B942E5ACB4000B1BFE2 /* Daliant_Commission_ToolApp.swift */,
				9EF7E56B2E654D5F002B9BFE /* PreviewContent */,
				9EF7E5642E654957002B9BFE /* Account */,
				9EF7E5562E653247002B9BFE /* Cloud */,
				9EF3D2012E60EE9A005D624B /* JSON */,
				9EF3D1F82E5FDC15005D624B /* Export */,
				9EF3D1EE2E5FCD62005D624B /* Commissioning */,
				9E505B8C2E5ACB4000B1BFE2 /* Models */,
				9E505B922E5ACB4000B1BFE2 /* Views */,
			);
			path = "Daliant Commission Tool";
			sourceTree = "<group>";
		};
		9EF3D1EE2E5FCD62005D624B /* Commissioning */ = {
			isa = PBXGroup;
			children = (
				9EF3D1F62E5FD638005D624B /* BLECommissioningClient.swift */,
				9EF3D1F42E5FD61E005D624B /* SimCommissioningClient.swift */,
				9EF3D1F22E5FD4CD005D624B /* CommissioningClient.swift */,
				9EF3D1EF2E5FCD95005D624B /* CommissioningMode.swift */,
			);
			path = Commissioning;
			sourceTree = "<group>";
		};
		9EF3D1F82E5FDC15005D624B /* Export */ = {
			isa = PBXGroup;
			children = (
				9EF3D1FF2E60B637005D624B /* Design.swift */,
				9EF3D1FD2E60AEFE005D624B /* ShareSheet.swift */,
				9EF3D1FB2E5FDC56005D624B /* ExportView.swift */,
				9EF3D1F92E5FDC22005D624B /* PDFExporter.swift */,
			);
			path = Export;
			sourceTree = "<group>";
		};
		9EF3D2012E60EE9A005D624B /* JSON */ = {
			isa = PBXGroup;
			children = (
				9EF3D20C2E6100B6005D624B /* JSONRoundTripPreview.swift */,
				9EF3D20A2E60F739005D624B /* JSONImportButton.swift */,
				9EF3D2082E60F71D005D624B /* JSONImporter.swift */,
				9EF3D2062E60F1E3005D624B /* JSONExportButton.swift */,
				9EF3D2042E60F1BE005D624B /* JSONExporter.swift */,
				9EF3D2022E60EEA0005D624B /* DTOs.swift */,
			);
			path = JSON;
			sourceTree = "<group>";
		};
		9EF7E5562E653247002B9BFE /* Cloud */ = {
			isa = PBXGroup;
			children = (
				9EF7E5702E65E3E5002B9BFE /* CloudSyncDebugView.swift */,
				9EF7E56E2E65DE69002B9BFE /* CloudStore.swift */,
				9EF7E5622E653C76002B9BFE /* OrgSharingView.swift */,
				9EF7E5602E653C49002B9BFE /* OrgZone.swift */,
				9EF7E55E2E65393B002B9BFE /* CloudStatusView.swift */,
				9EF7E55C2E653925002B9BFE /* CloudConfig.swift */,
				9EF7E5592E653271002B9BFE /* CloudMappingPreview.swift */,
				9EF7E5572E653254002B9BFE /* CloudMapping.swift */,
			);
			path = Cloud;
			sourceTree = "<group>";
		};
		9EF7E5642E654957002B9BFE /* Account */ = {
			isa = PBXGroup;
			children = (
				9EF7E5652E65495B002B9BFE /* AccountState.swift */,
			);
			path = Account;
			sourceTree = "<group>";
		};
		9EF7E56B2E654D5F002B9BFE /* PreviewContent */ = {
			isa = PBXGroup;
			children = (
				9EF7E56C2E654D6A002B9BFE /* PreviewSupport.swift */,
			);
			path = PreviewContent;
			sourceTree = "<group>";
		};
/* End PBXGroup section */

/* Begin PBXNativeTarget section */
		9E505B412E5A4F6300B1BFE2 /* Daliant Commission Tool */ = {
			isa = PBXNativeTarget;
			buildConfigurationList = 9E505B652E5A4F6500B1BFE2 /* Build configuration list for PBXNativeTarget "Daliant Commission Tool" */;
			buildPhases = (
				9E505B3E2E5A4F6300B1BFE2 /* Sources */,
				9E505B3F2E5A4F6300B1BFE2 /* Frameworks */,
				9E505B402E5A4F6300B1BFE2 /* Resources */,
			);
			buildRules = (
			);
			dependencies = (
			);
			name = "Daliant Commission Tool";
			packageProductDependencies = (
			);
			productName = "Daliant Commission Tool";
			productReference = 9E505B422E5A4F6300B1BFE2 /* Daliant Commission Tool.app */;
			productType = "com.apple.product-type.application";
		};
		9E505B502E5A4F6500B1BFE2 /* Daliant Commission ToolTests */ = {
			isa = PBXNativeTarget;
			buildConfigurationList = 9E505B682E5A4F6500B1BFE2 /* Build configuration list for PBXNativeTarget "Daliant Commission ToolTests" */;
			buildPhases = (
				9E505B4D2E5A4F6500B1BFE2 /* Sources */,
				9E505B4E2E5A4F6500B1BFE2 /* Frameworks */,
				9E505B4F2E5A4F6500B1BFE2 /* Resources */,
			);
			buildRules = (
			);
			dependencies = (
				9E505B532E5A4F6500B1BFE2 /* PBXTargetDependency */,
			);
			name = "Daliant Commission ToolTests";
			packageProductDependencies = (
			);
			productName = "Daliant Commission ToolTests";
			productReference = 9E505B512E5A4F6500B1BFE2 /* Daliant Commission ToolTests.xctest */;
			productType = "com.apple.product-type.bundle.unit-test";
		};
		9E505B5A2E5A4F6500B1BFE2 /* Daliant Commission ToolUITests */ = {
			isa = PBXNativeTarget;
			buildConfigurationList = 9E505B6B2E5A4F6500B1BFE2 /* Build configuration list for PBXNativeTarget "Daliant Commission ToolUITests" */;
			buildPhases = (
				9E505B572E5A4F6500B1BFE2 /* Sources */,
				9E505B582E5A4F6500B1BFE2 /* Frameworks */,
				9E505B592E5A4F6500B1BFE2 /* Resources */,
			);
			buildRules = (
			);
			dependencies = (
				9E505B5D2E5A4F6500B1BFE2 /* PBXTargetDependency */,
			);
			name = "Daliant Commission ToolUITests";
			packageProductDependencies = (
			);
			productName = "Daliant Commission ToolUITests";
			productReference = 9E505B5B2E5A4F6500B1BFE2 /* Daliant Commission ToolUITests.xctest */;
			productType = "com.apple.product-type.bundle.ui-testing";
		};
/* End PBXNativeTarget section */

/* Begin PBXProject section */
		9E505B3A2E5A4F6300B1BFE2 /* Project object */ = {
			isa = PBXProject;
			attributes = {
				BuildIndependentTargetsInParallel = 1;
				LastSwiftUpdateCheck = 1640;
				LastUpgradeCheck = 1640;
				TargetAttributes = {
					9E505B412E5A4F6300B1BFE2 = {
						CreatedOnToolsVersion = 16.4;
					};
					9E505B502E5A4F6500B1BFE2 = {
						CreatedOnToolsVersion = 16.4;
						TestTargetID = 9E505B412E5A4F6300B1BFE2;
					};
					9E505B5A2E5A4F6500B1BFE2 = {
						CreatedOnToolsVersion = 16.4;
						TestTargetID = 9E505B412E5A4F6300B1BFE2;
					};
				};
			};
			buildConfigurationList = 9E505B3D2E5A4F6300B1BFE2 /* Build configuration list for PBXProject "Daliant Commission Tool" */;
			developmentRegion = en;
			hasScannedForEncodings = 0;
			knownRegions = (
				en,
				Base,
			);
			mainGroup = 9E505B392E5A4F6300B1BFE2;
			minimizedProjectReferenceProxies = 1;
			preferredProjectObjectVersion = 77;
			productRefGroup = 9E505B432E5A4F6300B1BFE2 /* Products */;
			projectDirPath = "";
			projectRoot = "";
			targets = (
				9E505B412E5A4F6300B1BFE2 /* Daliant Commission Tool */,
				9E505B502E5A4F6500B1BFE2 /* Daliant Commission ToolTests */,
				9E505B5A2E5A4F6500B1BFE2 /* Daliant Commission ToolUITests */,
			);
		};
/* End PBXProject section */

/* Begin PBXResourcesBuildPhase section */
		9E505B402E5A4F6300B1BFE2 /* Resources */ = {
			isa = PBXResourcesBuildPhase;
			buildActionMask = 2147483647;
			files = (
				9E505B9D2E5ACB4000B1BFE2 /* Assets.xcassets in Resources */,
			);
			runOnlyForDeploymentPostprocessing = 0;
		};
		9E505B4F2E5A4F6500B1BFE2 /* Resources */ = {
			isa = PBXResourcesBuildPhase;
			buildActionMask = 2147483647;
			files = (
			);
			runOnlyForDeploymentPostprocessing = 0;
		};
		9E505B592E5A4F6500B1BFE2 /* Resources */ = {
			isa = PBXResourcesBuildPhase;
			buildActionMask = 2147483647;
			files = (
			);
			runOnlyForDeploymentPostprocessing = 0;
		};
/* End PBXResourcesBuildPhase section */

/* Begin PBXSourcesBuildPhase section */
		9E505B3E2E5A4F6300B1BFE2 /* Sources */ = {
			isa = PBXSourcesBuildPhase;
			buildActionMask = 2147483647;
			files = (
				9EF7E5582E653255002B9BFE /* CloudMapping.swift in Sources */,
				9EF7E55A2E653271002B9BFE /* CloudMappingPreview.swift in Sources */,
				9E505B962E5ACB4000B1BFE2 /* Org.swift in Sources */,
				9EF7E56D2E654D6B002B9BFE /* PreviewSupport.swift in Sources */,
				9E505BA12E5ACF8400B1BFE2 /* SettingsView.swift in Sources */,
				9EF3D20D2E6100B7005D624B /* JSONRoundTripPreview.swift in Sources */,
				9E505B972E5ACB4000B1BFE2 /* Daliant_Commission_ToolApp.swift in Sources */,
				9E505B982E5ACB4000B1BFE2 /* OrgOnboardingView.swift in Sources */,
				9E505B992E5ACB4000B1BFE2 /* ContentView.swift in Sources */,
				9EF3D1F02E5FCD97005D624B /* CommissioningMode.swift in Sources */,
				9E505BA72E5B9DEB00B1BFE2 /* ProjectDetailView.swift in Sources */,
				9E505BA92E5BC8D300B1BFE2 /* Fixture.swift in Sources */,
				9EF3D1F72E5FD63A005D624B /* BLECommissioningClient.swift in Sources */,
				9EF3D2032E60EEA3005D624B /* DTOs.swift in Sources */,
				9EF7E5662E65496E002B9BFE /* AccountState.swift in Sources */,
				9EF3D2002E60B638005D624B /* Design.swift in Sources */,
				9E505B9A2E5ACB4000B1BFE2 /* ProjectsHomeView.swift in Sources */,
				9E505B9B2E5ACB4000B1BFE2 /* SignInView.swift in Sources */,
				9EF7E55D2E653926002B9BFE /* CloudConfig.swift in Sources */,
				9EF7E5612E653C49002B9BFE /* OrgZone.swift in Sources */,
				9E505BA52E5B76FC00B1BFE2 /* ProjectWizardView.swift in Sources */,
				9EF7E56A2E6549A3002B9BFE /* AccountView.swift in Sources */,
				9E505B9C2E5ACB4000B1BFE2 /* Item.swift in Sources */,
				9EF7E56F2E65DE69002B9BFE /* CloudStore.swift in Sources */,
				9EF3D1FA2E5FDC23005D624B /* PDFExporter.swift in Sources */,
				9EF7E5712E65E3E7002B9BFE /* CloudSyncDebugView.swift in Sources */,
				9EF3D2052E60F1BF005D624B /* JSONExporter.swift in Sources */,
				9EF3D2092E60F71E005D624B /* JSONImporter.swift in Sources */,
				9EF3D1FC2E5FDC58005D624B /* ExportView.swift in Sources */,
				9EF3D1F32E5FD4CF005D624B /* CommissioningClient.swift in Sources */,
				9EF3D1FE2E60AEFF005D624B /* ShareSheet.swift in Sources */,
				9EF3D20B2E60F73A005D624B /* JSONImportButton.swift in Sources */,
				9E505BA32E5AD91900B1BFE2 /* PreviewSeed.swift in Sources */,
				9EF3D1F52E5FD620005D624B /* SimCommissioningClient.swift in Sources */,
				9EF7E55F2E65393D002B9BFE /* CloudStatusView.swift in Sources */,
				9EF7E5632E653C77002B9BFE /* OrgSharingView.swift in Sources */,
				9EF3D2072E60F1E4005D624B /* JSONExportButton.swift in Sources */,
			);
			runOnlyForDeploymentPostprocessing = 0;
		};
		9E505B4D2E5A4F6500B1BFE2 /* Sources */ = {
			isa = PBXSourcesBuildPhase;
			buildActionMask = 2147483647;
			files = (
			);
			runOnlyForDeploymentPostprocessing = 0;
		};
		9E505B572E5A4F6500B1BFE2 /* Sources */ = {
			isa = PBXSourcesBuildPhase;
			buildActionMask = 2147483647;
			files = (
			);
			runOnlyForDeploymentPostprocessing = 0;
		};
/* End PBXSourcesBuildPhase section */

/* Begin PBXTargetDependency section */
		9E505B532E5A4F6500B1BFE2 /* PBXTargetDependency */ = {
			isa = PBXTargetDependency;
			target = 9E505B412E5A4F6300B1BFE2 /* Daliant Commission Tool */;
			targetProxy = 9E505B522E5A4F6500B1BFE2 /* PBXContainerItemProxy */;
		};
		9E505B5D2E5A4F6500B1BFE2 /* PBXTargetDependency */ = {
			isa = PBXTargetDependency;
			target = 9E505B412E5A4F6300B1BFE2 /* Daliant Commission Tool */;
			targetProxy = 9E505B5C2E5A4F6500B1BFE2 /* PBXContainerItemProxy */;
		};
/* End PBXTargetDependency section */

/* Begin XCBuildConfiguration section */
		9E505B632E5A4F6500B1BFE2 /* Debug */ = {
			isa = XCBuildConfiguration;
			buildSettings = {
				ALWAYS_SEARCH_USER_PATHS = NO;
				ASSETCATALOG_COMPILER_GENERATE_SWIFT_ASSET_SYMBOL_EXTENSIONS = YES;
				CLANG_ANALYZER_NONNULL = YES;
				CLANG_ANALYZER_NUMBER_OBJECT_CONVERSION = YES_AGGRESSIVE;
				CLANG_CXX_LANGUAGE_STANDARD = "gnu++20";
				CLANG_ENABLE_MODULES = YES;
				CLANG_ENABLE_OBJC_ARC = YES;
				CLANG_ENABLE_OBJC_WEAK = YES;
				CLANG_WARN_BLOCK_CAPTURE_AUTORELEASING = YES;
				CLANG_WARN_BOOL_CONVERSION = YES;
				CLANG_WARN_COMMA = YES;
				CLANG_WARN_CONSTANT_CONVERSION = YES;
				CLANG_WARN_DEPRECATED_OBJC_IMPLEMENTATIONS = YES;
				CLANG_WARN_DIRECT_OBJC_ISA_USAGE = YES_ERROR;
				CLANG_WARN_DOCUMENTATION_COMMENTS = YES;
				CLANG_WARN_EMPTY_BODY = YES;
				CLANG_WARN_ENUM_CONVERSION = YES;
				CLANG_WARN_INFINITE_RECURSION = YES;
				CLANG_WARN_INT_CONVERSION = YES;
				CLANG_WARN_NON_LITERAL_NULL_CONVERSION = YES;
				CLANG_WARN_OBJC_IMPLICIT_RETAIN_SELF = YES;
				CLANG_WARN_OBJC_LITERAL_CONVERSION = YES;
				CLANG_WARN_OBJC_ROOT_CLASS = YES_ERROR;
				CLANG_WARN_QUOTED_INCLUDE_IN_FRAMEWORK_HEADER = YES;
				CLANG_WARN_RANGE_LOOP_ANALYSIS = YES;
				CLANG_WARN_STRICT_PROTOTYPES = YES;
				CLANG_WARN_SUSPICIOUS_MOVE = YES;
				CLANG_WARN_UNGUARDED_AVAILABILITY = YES_AGGRESSIVE;
				CLANG_WARN_UNREACHABLE_CODE = YES;
				CLANG_WARN__DUPLICATE_METHOD_MATCH = YES;
				COPY_PHASE_STRIP = NO;
				DEBUG_INFORMATION_FORMAT = dwarf;
				DEVELOPMENT_TEAM = U4QP29H236;
				ENABLE_STRICT_OBJC_MSGSEND = YES;
				ENABLE_TESTABILITY = YES;
				ENABLE_USER_SCRIPT_SANDBOXING = YES;
				GCC_C_LANGUAGE_STANDARD = gnu17;
				GCC_DYNAMIC_NO_PIC = NO;
				GCC_NO_COMMON_BLOCKS = YES;
				GCC_OPTIMIZATION_LEVEL = 0;
				GCC_PREPROCESSOR_DEFINITIONS = (
					"DEBUG=1",
					"$(inherited)",
				);
				GCC_WARN_64_TO_32_BIT_CONVERSION = YES;
				GCC_WARN_ABOUT_RETURN_TYPE = YES_ERROR;
				GCC_WARN_UNDECLARED_SELECTOR = YES;
				GCC_WARN_UNINITIALIZED_AUTOS = YES_AGGRESSIVE;
				GCC_WARN_UNUSED_FUNCTION = YES;
				GCC_WARN_UNUSED_VARIABLE = YES;
				GENERATE_INFOPLIST_FILE = YES;
				INFOPLIST_FILE = "$(SRCROOT)/Daliant Commission Tool/Info.plist";
				IPHONEOS_DEPLOYMENT_TARGET = 18.5;
				LOCALIZATION_PREFERS_STRING_CATALOGS = YES;
				MTL_ENABLE_DEBUG_INFO = INCLUDE_SOURCE;
				MTL_FAST_MATH = YES;
				ONLY_ACTIVE_ARCH = YES;
				SDKROOT = iphoneos;
				SWIFT_ACTIVE_COMPILATION_CONDITIONS = "DEBUG $(inherited)";
				SWIFT_OPTIMIZATION_LEVEL = "-Onone";
			};
			name = Debug;
		};
		9E505B642E5A4F6500B1BFE2 /* Release */ = {
			isa = XCBuildConfiguration;
			buildSettings = {
				ALWAYS_SEARCH_USER_PATHS = NO;
				ASSETCATALOG_COMPILER_GENERATE_SWIFT_ASSET_SYMBOL_EXTENSIONS = YES;
				CLANG_ANALYZER_NONNULL = YES;
				CLANG_ANALYZER_NUMBER_OBJECT_CONVERSION = YES_AGGRESSIVE;
				CLANG_CXX_LANGUAGE_STANDARD = "gnu++20";
				CLANG_ENABLE_MODULES = YES;
				CLANG_ENABLE_OBJC_ARC = YES;
				CLANG_ENABLE_OBJC_WEAK = YES;
				CLANG_WARN_BLOCK_CAPTURE_AUTORELEASING = YES;
				CLANG_WARN_BOOL_CONVERSION = YES;
				CLANG_WARN_COMMA = YES;
				CLANG_WARN_CONSTANT_CONVERSION = YES;
				CLANG_WARN_DEPRECATED_OBJC_IMPLEMENTATIONS = YES;
				CLANG_WARN_DIRECT_OBJC_ISA_USAGE = YES_ERROR;
				CLANG_WARN_DOCUMENTATION_COMMENTS = YES;
				CLANG_WARN_EMPTY_BODY = YES;
				CLANG_WARN_ENUM_CONVERSION = YES;
				CLANG_WARN_INFINITE_RECURSION = YES;
				CLANG_WARN_INT_CONVERSION = YES;
				CLANG_WARN_NON_LITERAL_NULL_CONVERSION = YES;
				CLANG_WARN_OBJC_IMPLICIT_RETAIN_SELF = YES;
				CLANG_WARN_OBJC_LITERAL_CONVERSION = YES;
				CLANG_WARN_OBJC_ROOT_CLASS = YES_ERROR;
				CLANG_WARN_QUOTED_INCLUDE_IN_FRAMEWORK_HEADER = YES;
				CLANG_WARN_RANGE_LOOP_ANALYSIS = YES;
				CLANG_WARN_STRICT_PROTOTYPES = YES;
				CLANG_WARN_SUSPICIOUS_MOVE = YES;
				CLANG_WARN_UNGUARDED_AVAILABILITY = YES_AGGRESSIVE;
				CLANG_WARN_UNREACHABLE_CODE = YES;
				CLANG_WARN__DUPLICATE_METHOD_MATCH = YES;
				COPY_PHASE_STRIP = NO;
				DEBUG_INFORMATION_FORMAT = "dwarf-with-dsym";
				DEVELOPMENT_TEAM = U4QP29H236;
				ENABLE_NS_ASSERTIONS = NO;
				ENABLE_STRICT_OBJC_MSGSEND = YES;
				ENABLE_USER_SCRIPT_SANDBOXING = YES;
				GCC_C_LANGUAGE_STANDARD = gnu17;
				GCC_NO_COMMON_BLOCKS = YES;
				GCC_WARN_64_TO_32_BIT_CONVERSION = YES;
				GCC_WARN_ABOUT_RETURN_TYPE = YES_ERROR;
				GCC_WARN_UNDECLARED_SELECTOR = YES;
				GCC_WARN_UNINITIALIZED_AUTOS = YES_AGGRESSIVE;
				GCC_WARN_UNUSED_FUNCTION = YES;
				GCC_WARN_UNUSED_VARIABLE = YES;
				GENERATE_INFOPLIST_FILE = YES;
				IPHONEOS_DEPLOYMENT_TARGET = 18.5;
				LOCALIZATION_PREFERS_STRING_CATALOGS = YES;
				MTL_ENABLE_DEBUG_INFO = NO;
				MTL_FAST_MATH = YES;
				SDKROOT = iphoneos;
				SWIFT_COMPILATION_MODE = wholemodule;
				VALIDATE_PRODUCT = YES;
			};
			name = Release;
		};
		9E505B662E5A4F6500B1BFE2 /* Debug */ = {
			isa = XCBuildConfiguration;
			buildSettings = {
				ASSETCATALOG_COMPILER_APPICON_NAME = AppIcon;
				ASSETCATALOG_COMPILER_GLOBAL_ACCENT_COLOR_NAME = AccentColor;
				CODE_SIGN_ENTITLEMENTS = "Daliant Commission Tool/Daliant Commission Tool.entitlements";
				CODE_SIGN_STYLE = Automatic;
				CURRENT_PROJECT_VERSION = 1;
				DEVELOPMENT_TEAM = Z6DKB638C2;
				ENABLE_PREVIEWS = YES;
				GENERATE_INFOPLIST_FILE = YES;
				INFOPLIST_KEY_UIApplicationSceneManifest_Generation = YES;
				INFOPLIST_KEY_UIApplicationSupportsIndirectInputEvents = YES;
				INFOPLIST_KEY_UILaunchScreen_Generation = YES;
				INFOPLIST_KEY_UISupportedInterfaceOrientations_iPad = "UIInterfaceOrientationPortrait UIInterfaceOrientationPortraitUpsideDown UIInterfaceOrientationLandscapeLeft UIInterfaceOrientationLandscapeRight";
				INFOPLIST_KEY_UISupportedInterfaceOrientations_iPhone = "UIInterfaceOrientationPortrait UIInterfaceOrientationLandscapeLeft UIInterfaceOrientationLandscapeRight";
				LD_RUNPATH_SEARCH_PATHS = (
					"$(inherited)",
					"@executable_path/Frameworks",
				);
				MARKETING_VERSION = 1.0;
				PRODUCT_BUNDLE_IDENTIFIER = com.daliantlighting.DaliantCommissionTool;
				PRODUCT_NAME = "$(TARGET_NAME)";
				SWIFT_EMIT_LOC_STRINGS = YES;
				SWIFT_VERSION = 5.0;
				TARGETED_DEVICE_FAMILY = "1,2";
			};
			name = Debug;
		};
		9E505B672E5A4F6500B1BFE2 /* Release */ = {
			isa = XCBuildConfiguration;
			buildSettings = {
				ASSETCATALOG_COMPILER_APPICON_NAME = AppIcon;
				ASSETCATALOG_COMPILER_GLOBAL_ACCENT_COLOR_NAME = AccentColor;
				CODE_SIGN_ENTITLEMENTS = "Daliant Commission Tool/Daliant Commission Tool.entitlements";
				CODE_SIGN_STYLE = Automatic;
				CURRENT_PROJECT_VERSION = 1;
				DEVELOPMENT_TEAM = Z6DKB638C2;
				ENABLE_PREVIEWS = YES;
				GENERATE_INFOPLIST_FILE = YES;
				INFOPLIST_FILE = "$(SRCROOT)/Daliant Commission Tool/Info.plist";
				INFOPLIST_KEY_UIApplicationSceneManifest_Generation = YES;
				INFOPLIST_KEY_UIApplicationSupportsIndirectInputEvents = YES;
				INFOPLIST_KEY_UILaunchScreen_Generation = YES;
				INFOPLIST_KEY_UISupportedInterfaceOrientations_iPad = "UIInterfaceOrientationPortrait UIInterfaceOrientationPortraitUpsideDown UIInterfaceOrientationLandscapeLeft UIInterfaceOrientationLandscapeRight";
				INFOPLIST_KEY_UISupportedInterfaceOrientations_iPhone = "UIInterfaceOrientationPortrait UIInterfaceOrientationLandscapeLeft UIInterfaceOrientationLandscapeRight";
				LD_RUNPATH_SEARCH_PATHS = (
					"$(inherited)",
					"@executable_path/Frameworks",
				);
				MARKETING_VERSION = 1.0;
				PRODUCT_BUNDLE_IDENTIFIER = com.daliantlighting.DaliantCommissionTool;
				PRODUCT_NAME = "$(TARGET_NAME)";
				SWIFT_EMIT_LOC_STRINGS = YES;
				SWIFT_VERSION = 5.0;
				TARGETED_DEVICE_FAMILY = "1,2";
			};
			name = Release;
		};
		9E505B692E5A4F6500B1BFE2 /* Debug */ = {
			isa = XCBuildConfiguration;
			buildSettings = {
				BUNDLE_LOADER = "$(TEST_HOST)";
				CODE_SIGN_STYLE = Automatic;
				CURRENT_PROJECT_VERSION = 1;
				DEVELOPMENT_TEAM = U4QP29H236;
				GENERATE_INFOPLIST_FILE = YES;
				IPHONEOS_DEPLOYMENT_TARGET = 18.5;
				MARKETING_VERSION = 1.0;
				PRODUCT_BUNDLE_IDENTIFIER = "com.daliantlighting.Daliant-Commission-ToolTests";
				PRODUCT_NAME = "$(TARGET_NAME)";
				SWIFT_EMIT_LOC_STRINGS = NO;
				SWIFT_VERSION = 5.0;
				TARGETED_DEVICE_FAMILY = "1,2";
				TEST_HOST = "$(BUILT_PRODUCTS_DIR)/Daliant Commission Tool.app/$(BUNDLE_EXECUTABLE_FOLDER_PATH)/Daliant Commission Tool";
			};
			name = Debug;
		};
		9E505B6A2E5A4F6500B1BFE2 /* Release */ = {
			isa = XCBuildConfiguration;
			buildSettings = {
				BUNDLE_LOADER = "$(TEST_HOST)";
				CODE_SIGN_STYLE = Automatic;
				CURRENT_PROJECT_VERSION = 1;
				DEVELOPMENT_TEAM = U4QP29H236;
				GENERATE_INFOPLIST_FILE = YES;
				IPHONEOS_DEPLOYMENT_TARGET = 18.5;
				MARKETING_VERSION = 1.0;
				PRODUCT_BUNDLE_IDENTIFIER = "com.daliantlighting.Daliant-Commission-ToolTests";
				PRODUCT_NAME = "$(TARGET_NAME)";
				SWIFT_EMIT_LOC_STRINGS = NO;
				SWIFT_VERSION = 5.0;
				TARGETED_DEVICE_FAMILY = "1,2";
				TEST_HOST = "$(BUILT_PRODUCTS_DIR)/Daliant Commission Tool.app/$(BUNDLE_EXECUTABLE_FOLDER_PATH)/Daliant Commission Tool";
			};
			name = Release;
		};
		9E505B6C2E5A4F6500B1BFE2 /* Debug */ = {
			isa = XCBuildConfiguration;
			buildSettings = {
				CODE_SIGN_STYLE = Automatic;
				CURRENT_PROJECT_VERSION = 1;
				DEVELOPMENT_TEAM = U4QP29H236;
				GENERATE_INFOPLIST_FILE = YES;
				MARKETING_VERSION = 1.0;
				PRODUCT_BUNDLE_IDENTIFIER = "com.daliantlighting.Daliant-Commission-ToolUITests";
				PRODUCT_NAME = "$(TARGET_NAME)";
				SWIFT_EMIT_LOC_STRINGS = NO;
				SWIFT_VERSION = 5.0;
				TARGETED_DEVICE_FAMILY = "1,2";
				TEST_TARGET_NAME = "Daliant Commission Tool";
			};
			name = Debug;
		};
		9E505B6D2E5A4F6500B1BFE2 /* Release */ = {
			isa = XCBuildConfiguration;
			buildSettings = {
				CODE_SIGN_STYLE = Automatic;
				CURRENT_PROJECT_VERSION = 1;
				DEVELOPMENT_TEAM = U4QP29H236;
				GENERATE_INFOPLIST_FILE = YES;
				MARKETING_VERSION = 1.0;
				PRODUCT_BUNDLE_IDENTIFIER = "com.daliantlighting.Daliant-Commission-ToolUITests";
				PRODUCT_NAME = "$(TARGET_NAME)";
				SWIFT_EMIT_LOC_STRINGS = NO;
				SWIFT_VERSION = 5.0;
				TARGETED_DEVICE_FAMILY = "1,2";
				TEST_TARGET_NAME = "Daliant Commission Tool";
			};
			name = Release;
		};
/* End XCBuildConfiguration section */

/* Begin XCConfigurationList section */
		9E505B3D2E5A4F6300B1BFE2 /* Build configuration list for PBXProject "Daliant Commission Tool" */ = {
			isa = XCConfigurationList;
			buildConfigurations = (
				9E505B632E5A4F6500B1BFE2 /* Debug */,
				9E505B642E5A4F6500B1BFE2 /* Release */,
			);
			defaultConfigurationIsVisible = 0;
			defaultConfigurationName = Release;
		};
		9E505B652E5A4F6500B1BFE2 /* Build configuration list for PBXNativeTarget "Daliant Commission Tool" */ = {
			isa = XCConfigurationList;
			buildConfigurations = (
				9E505B662E5A4F6500B1BFE2 /* Debug */,
				9E505B672E5A4F6500B1BFE2 /* Release */,
			);
			defaultConfigurationIsVisible = 0;
			defaultConfigurationName = Release;
		};
		9E505B682E5A4F6500B1BFE2 /* Build configuration list for PBXNativeTarget "Daliant Commission ToolTests" */ = {
			isa = XCConfigurationList;
			buildConfigurations = (
				9E505B692E5A4F6500B1BFE2 /* Debug */,
				9E505B6A2E5A4F6500B1BFE2 /* Release */,
			);
			defaultConfigurationIsVisible = 0;
			defaultConfigurationName = Release;
		};
		9E505B6B2E5A4F6500B1BFE2 /* Build configuration list for PBXNativeTarget "Daliant Commission ToolUITests" */ = {
			isa = XCConfigurationList;
			buildConfigurations = (
				9E505B6C2E5A4F6500B1BFE2 /* Debug */,
				9E505B6D2E5A4F6500B1BFE2 /* Release */,
			);
			defaultConfigurationIsVisible = 0;
			defaultConfigurationName = Release;
		};
/* End XCConfigurationList section */
	};
	rootObject = 9E505B3A2E5A4F6300B1BFE2 /* Project object */;
}
